
Microsoft Visual Studio Solution File, Format Version 12.00
Project("{FAE04EC0-301F-11D3-BF4B-00C04F79EFBC}") = "TaskLists.WebApi", "TaskLists.WebApi\TaskLists.WebApi.csproj", "{41EF1784-750C-43E9-BC5F-653E317A57AD}"
EndProject
Project("{FAE04EC0-301F-11D3-BF4B-00C04F79EFBC}") = "TaskLists.Domain", "TaskLists.Domain\TaskLists.Domain.csproj", "{0C933AC0-76A6-452B-A4F2-DC736E045704}"
EndProject
Project("{FAE04EC0-301F-11D3-BF4B-00C04F79EFBC}") = "TaskLists.Application", "TaskLists.Application\TaskLists.Application.csproj", "{F2FAA0A9-E0D7-4685-A896-D9509B74374B}"
EndProject
Project("{FAE04EC0-301F-11D3-BF4B-00C04F79EFBC}") = "TaskLists.Infrastructure", "TaskLists.Infrastructure\TaskLists.Infrastructure.csproj", "{3A31374B-E4E6-4D7E-959D-D17B9923BC30}"
EndProject
Global
	GlobalSection(SolutionConfigurationPlatforms) = preSolution
		Debug|Any CPU = Debug|Any CPU
		Release|Any CPU = Release|Any CPU
	EndGlobalSection
	GlobalSection(ProjectConfigurationPlatforms) = postSolution
		{41EF1784-750C-43E9-BC5F-653E317A57AD}.Debug|Any CPU.ActiveCfg = Debug|Any CPU
		{41EF1784-750C-43E9-BC5F-653E317A57AD}.Debug|Any CPU.Build.0 = Debug|Any CPU
		{41EF1784-750C-43E9-BC5F-653E317A57AD}.Release|Any CPU.ActiveCfg = Release|Any CPU
		{41EF1784-750C-43E9-BC5F-653E317A57AD}.Release|Any CPU.Build.0 = Release|Any CPU
		{0C933AC0-76A6-452B-A4F2-DC736E045704}.Debug|Any CPU.ActiveCfg = Debug|Any CPU
		{0C933AC0-76A6-452B-A4F2-DC736E045704}.Debug|Any CPU.Build.0 = Debug|Any CPU
		{0C933AC0-76A6-452B-A4F2-DC736E045704}.Release|Any CPU.ActiveCfg = Release|Any CPU
		{0C933AC0-76A6-452B-A4F2-DC736E045704}.Release|Any CPU.Build.0 = Release|Any CPU
		{F2FAA0A9-E0D7-4685-A896-D9509B74374B}.Debug|Any CPU.ActiveCfg = Debug|Any CPU
		{F2FAA0A9-E0D7-4685-A896-D9509B74374B}.Debug|Any CPU.Build.0 = Debug|Any CPU
		{F2FAA0A9-E0D7-4685-A896-D9509B74374B}.Release|Any CPU.ActiveCfg = Release|Any CPU
		{F2FAA0A9-E0D7-4685-A896-D9509B74374B}.Release|Any CPU.Build.0 = Release|Any CPU
		{3A31374B-E4E6-4D7E-959D-D17B9923BC30}.Debug|Any CPU.ActiveCfg = Debug|Any CPU
		{3A31374B-E4E6-4D7E-959D-D17B9923BC30}.Debug|Any CPU.Build.0 = Debug|Any CPU
		{3A31374B-E4E6-4D7E-959D-D17B9923BC30}.Release|Any CPU.ActiveCfg = Release|Any CPU
		{3A31374B-E4E6-4D7E-959D-D17B9923BC30}.Release|Any CPU.Build.0 = Release|Any CPU
	EndGlobalSection
EndGlobal
